// !$*UTF8*$!
{
	archiveVersion = 1;
	classes = {
	};
	objectVersion = 46;
	objects = {

/* Begin PBXBuildFile section */
		1CBC3B391D8BF7FD00BAA6A9 /* AppDelegate.swift in Sources */ = {isa = PBXBuildFile; fileRef = 1CBC3B381D8BF7FD00BAA6A9 /* AppDelegate.swift */; };
		1CBC3B3E1D8BF7FD00BAA6A9 /* Main.storyboard in Resources */ = {isa = PBXBuildFile; fileRef = 1CBC3B3C1D8BF7FD00BAA6A9 /* Main.storyboard */; };
		1CBC3B401D8BF7FD00BAA6A9 /* Assets.xcassets in Resources */ = {isa = PBXBuildFile; fileRef = 1CBC3B3F1D8BF7FD00BAA6A9 /* Assets.xcassets */; };
		1CBC3B431D8BF7FD00BAA6A9 /* LaunchScreen.storyboard in Resources */ = {isa = PBXBuildFile; fileRef = 1CBC3B411D8BF7FD00BAA6A9 /* LaunchScreen.storyboard */; };
		1CBC3B4E1D8BF7FD00BAA6A9 /* AntodoteArchitectureExampleTests.swift in Sources */ = {isa = PBXBuildFile; fileRef = 1CBC3B4D1D8BF7FD00BAA6A9 /* AntodoteArchitectureExampleTests.swift */; };
		1CBC3B591D8BF7FD00BAA6A9 /* AntodoteArchitectureExampleUITests.swift in Sources */ = {isa = PBXBuildFile; fileRef = 1CBC3B581D8BF7FD00BAA6A9 /* AntodoteArchitectureExampleUITests.swift */; };
		1CBC3B6D1D8BF8DC00BAA6A9 /* ProfileFlowCoordinator.swift in Sources */ = {isa = PBXBuildFile; fileRef = 1CBC3B6C1D8BF8DC00BAA6A9 /* ProfileFlowCoordinator.swift */; };
		1CBC3B6F1D8BF8EC00BAA6A9 /* UserFlowCoordinator.swift in Sources */ = {isa = PBXBuildFile; fileRef = 1CBC3B6E1D8BF8EC00BAA6A9 /* UserFlowCoordinator.swift */; };
		1CBC3B711D8BF8FD00BAA6A9 /* Master-DetailFlowCoordinator.swift in Sources */ = {isa = PBXBuildFile; fileRef = 1CBC3B701D8BF8FD00BAA6A9 /* Master-DetailFlowCoordinator.swift */; };
		1CBC3B731D8BF90800BAA6A9 /* Page-BasedFlowCoordinator.swift in Sources */ = {isa = PBXBuildFile; fileRef = 1CBC3B721D8BF90800BAA6A9 /* Page-BasedFlowCoordinator.swift */; };
		1CBC3B751D8BF91400BAA6A9 /* TabbedFlowCoordinator.swift in Sources */ = {isa = PBXBuildFile; fileRef = 1CBC3B741D8BF91400BAA6A9 /* TabbedFlowCoordinator.swift */; };
		1CBC3B771D8BF92700BAA6A9 /* Profile.storyboard in Resources */ = {isa = PBXBuildFile; fileRef = 1CBC3B761D8BF92700BAA6A9 /* Profile.storyboard */; };
		1CBC3B791D8BF92F00BAA6A9 /* User.storyboard in Resources */ = {isa = PBXBuildFile; fileRef = 1CBC3B781D8BF92F00BAA6A9 /* User.storyboard */; };
		1CBC3B7B1D8BF95500BAA6A9 /* Master-Detail.storyboard in Resources */ = {isa = PBXBuildFile; fileRef = 1CBC3B7A1D8BF95500BAA6A9 /* Master-Detail.storyboard */; };
		1CBC3B7D1D8BF95F00BAA6A9 /* Page-Based.storyboard in Resources */ = {isa = PBXBuildFile; fileRef = 1CBC3B7C1D8BF95F00BAA6A9 /* Page-Based.storyboard */; };
		1CBC3B7F1D8BF96800BAA6A9 /* Tabbed.storyboard in Resources */ = {isa = PBXBuildFile; fileRef = 1CBC3B7E1D8BF96800BAA6A9 /* Tabbed.storyboard */; };
		1CBC3B831D8BF99800BAA6A9 /* Menu.storyboard in Resources */ = {isa = PBXBuildFile; fileRef = 1CBC3B821D8BF99800BAA6A9 /* Menu.storyboard */; };
		1CBC3B851D8BF9A700BAA6A9 /* MenuFlowCoordinator.swift in Sources */ = {isa = PBXBuildFile; fileRef = 1CBC3B841D8BF9A700BAA6A9 /* MenuFlowCoordinator.swift */; };
		1CBC3B871D8BF9F700BAA6A9 /* SettingsFlowCoordinator.swift in Sources */ = {isa = PBXBuildFile; fileRef = 1CBC3B861D8BF9F700BAA6A9 /* SettingsFlowCoordinator.swift */; };
		1CBC3B891D8BFA0100BAA6A9 /* Settings.storyboard in Resources */ = {isa = PBXBuildFile; fileRef = 1CBC3B881D8BFA0100BAA6A9 /* Settings.storyboard */; };
		1CBC3B8C1D8BFAE800BAA6A9 /* MenuTableViewController.swift in Sources */ = {isa = PBXBuildFile; fileRef = 1CBC3B8B1D8BFAE800BAA6A9 /* MenuTableViewController.swift */; };
		1CBC3B8E1D8BFB1B00BAA6A9 /* UIViewController+Extensions.swift in Sources */ = {isa = PBXBuildFile; fileRef = 1CBC3B8D1D8BFB1B00BAA6A9 /* UIViewController+Extensions.swift */; };
		1CBC3B921D8BFB8100BAA6A9 /* MenuViewControllersFactory.swift in Sources */ = {isa = PBXBuildFile; fileRef = 1CBC3B911D8BFB8100BAA6A9 /* MenuViewControllersFactory.swift */; };
		1CBC3B941D8BFBDD00BAA6A9 /* Constants.swift in Sources */ = {isa = PBXBuildFile; fileRef = 1CBC3B931D8BFBDD00BAA6A9 /* Constants.swift */; };
/* End PBXBuildFile section */

/* Begin PBXContainerItemProxy section */
		1CBC3B4A1D8BF7FD00BAA6A9 /* PBXContainerItemProxy */ = {
			isa = PBXContainerItemProxy;
			containerPortal = 1CBC3B2D1D8BF7FD00BAA6A9 /* Project object */;
			proxyType = 1;
			remoteGlobalIDString = 1CBC3B341D8BF7FD00BAA6A9;
			remoteInfo = AntodoteArchitectureExample;
		};
		1CBC3B551D8BF7FD00BAA6A9 /* PBXContainerItemProxy */ = {
			isa = PBXContainerItemProxy;
			containerPortal = 1CBC3B2D1D8BF7FD00BAA6A9 /* Project object */;
			proxyType = 1;
			remoteGlobalIDString = 1CBC3B341D8BF7FD00BAA6A9;
			remoteInfo = AntodoteArchitectureExample;
		};
/* End PBXContainerItemProxy section */

/* Begin PBXFileReference section */
		1CBC3B351D8BF7FD00BAA6A9 /* AntodoteArchitectureExample.app */ = {isa = PBXFileReference; explicitFileType = wrapper.application; includeInIndex = 0; path = AntodoteArchitectureExample.app; sourceTree = BUILT_PRODUCTS_DIR; };
		1CBC3B381D8BF7FD00BAA6A9 /* AppDelegate.swift */ = {isa = PBXFileReference; lastKnownFileType = sourcecode.swift; path = AppDelegate.swift; sourceTree = "<group>"; };
		1CBC3B3D1D8BF7FD00BAA6A9 /* Base */ = {isa = PBXFileReference; lastKnownFileType = file.storyboard; name = Base; path = Base.lproj/Main.storyboard; sourceTree = "<group>"; };
		1CBC3B3F1D8BF7FD00BAA6A9 /* Assets.xcassets */ = {isa = PBXFileReference; lastKnownFileType = folder.assetcatalog; path = Assets.xcassets; sourceTree = "<group>"; };
		1CBC3B421D8BF7FD00BAA6A9 /* Base */ = {isa = PBXFileReference; lastKnownFileType = file.storyboard; name = Base; path = Base.lproj/LaunchScreen.storyboard; sourceTree = "<group>"; };
		1CBC3B441D8BF7FD00BAA6A9 /* Info.plist */ = {isa = PBXFileReference; lastKnownFileType = text.plist.xml; path = Info.plist; sourceTree = "<group>"; };
		1CBC3B491D8BF7FD00BAA6A9 /* AntodoteArchitectureExampleTests.xctest */ = {isa = PBXFileReference; explicitFileType = wrapper.cfbundle; includeInIndex = 0; path = AntodoteArchitectureExampleTests.xctest; sourceTree = BUILT_PRODUCTS_DIR; };
		1CBC3B4D1D8BF7FD00BAA6A9 /* AntodoteArchitectureExampleTests.swift */ = {isa = PBXFileReference; lastKnownFileType = sourcecode.swift; path = AntodoteArchitectureExampleTests.swift; sourceTree = "<group>"; };
		1CBC3B4F1D8BF7FD00BAA6A9 /* Info.plist */ = {isa = PBXFileReference; lastKnownFileType = text.plist.xml; path = Info.plist; sourceTree = "<group>"; };
		1CBC3B541D8BF7FD00BAA6A9 /* AntodoteArchitectureExampleUITests.xctest */ = {isa = PBXFileReference; explicitFileType = wrapper.cfbundle; includeInIndex = 0; path = AntodoteArchitectureExampleUITests.xctest; sourceTree = BUILT_PRODUCTS_DIR; };
		1CBC3B581D8BF7FD00BAA6A9 /* AntodoteArchitectureExampleUITests.swift */ = {isa = PBXFileReference; lastKnownFileType = sourcecode.swift; path = AntodoteArchitectureExampleUITests.swift; sourceTree = "<group>"; };
		1CBC3B5A1D8BF7FD00BAA6A9 /* Info.plist */ = {isa = PBXFileReference; lastKnownFileType = text.plist.xml; path = Info.plist; sourceTree = "<group>"; };
		1CBC3B6C1D8BF8DC00BAA6A9 /* ProfileFlowCoordinator.swift */ = {isa = PBXFileReference; fileEncoding = 4; lastKnownFileType = sourcecode.swift; path = ProfileFlowCoordinator.swift; sourceTree = "<group>"; };
		1CBC3B6E1D8BF8EC00BAA6A9 /* UserFlowCoordinator.swift */ = {isa = PBXFileReference; fileEncoding = 4; lastKnownFileType = sourcecode.swift; path = UserFlowCoordinator.swift; sourceTree = "<group>"; };
		1CBC3B701D8BF8FD00BAA6A9 /* Master-DetailFlowCoordinator.swift */ = {isa = PBXFileReference; fileEncoding = 4; lastKnownFileType = sourcecode.swift; path = "Master-DetailFlowCoordinator.swift"; sourceTree = "<group>"; };
		1CBC3B721D8BF90800BAA6A9 /* Page-BasedFlowCoordinator.swift */ = {isa = PBXFileReference; fileEncoding = 4; lastKnownFileType = sourcecode.swift; path = "Page-BasedFlowCoordinator.swift"; sourceTree = "<group>"; };
		1CBC3B741D8BF91400BAA6A9 /* TabbedFlowCoordinator.swift */ = {isa = PBXFileReference; fileEncoding = 4; lastKnownFileType = sourcecode.swift; path = TabbedFlowCoordinator.swift; sourceTree = "<group>"; };
		1CBC3B761D8BF92700BAA6A9 /* Profile.storyboard */ = {isa = PBXFileReference; fileEncoding = 4; lastKnownFileType = file.storyboard; path = Profile.storyboard; sourceTree = "<group>"; };
		1CBC3B781D8BF92F00BAA6A9 /* User.storyboard */ = {isa = PBXFileReference; fileEncoding = 4; lastKnownFileType = file.storyboard; path = User.storyboard; sourceTree = "<group>"; };
		1CBC3B7A1D8BF95500BAA6A9 /* Master-Detail.storyboard */ = {isa = PBXFileReference; fileEncoding = 4; lastKnownFileType = file.storyboard; path = "Master-Detail.storyboard"; sourceTree = "<group>"; };
		1CBC3B7C1D8BF95F00BAA6A9 /* Page-Based.storyboard */ = {isa = PBXFileReference; fileEncoding = 4; lastKnownFileType = file.storyboard; path = "Page-Based.storyboard"; sourceTree = "<group>"; };
		1CBC3B7E1D8BF96800BAA6A9 /* Tabbed.storyboard */ = {isa = PBXFileReference; fileEncoding = 4; lastKnownFileType = file.storyboard; path = Tabbed.storyboard; sourceTree = "<group>"; };
		1CBC3B821D8BF99800BAA6A9 /* Menu.storyboard */ = {isa = PBXFileReference; fileEncoding = 4; lastKnownFileType = file.storyboard; path = Menu.storyboard; sourceTree = "<group>"; };
		1CBC3B841D8BF9A700BAA6A9 /* MenuFlowCoordinator.swift */ = {isa = PBXFileReference; fileEncoding = 4; lastKnownFileType = sourcecode.swift; path = MenuFlowCoordinator.swift; sourceTree = "<group>"; };
		1CBC3B861D8BF9F700BAA6A9 /* SettingsFlowCoordinator.swift */ = {isa = PBXFileReference; fileEncoding = 4; lastKnownFileType = sourcecode.swift; path = SettingsFlowCoordinator.swift; sourceTree = "<group>"; };
		1CBC3B881D8BFA0100BAA6A9 /* Settings.storyboard */ = {isa = PBXFileReference; fileEncoding = 4; lastKnownFileType = file.storyboard; path = Settings.storyboard; sourceTree = "<group>"; };
		1CBC3B8B1D8BFAE800BAA6A9 /* MenuTableViewController.swift */ = {isa = PBXFileReference; fileEncoding = 4; lastKnownFileType = sourcecode.swift; path = MenuTableViewController.swift; sourceTree = "<group>"; };
		1CBC3B8D1D8BFB1B00BAA6A9 /* UIViewController+Extensions.swift */ = {isa = PBXFileReference; fileEncoding = 4; lastKnownFileType = sourcecode.swift; path = "UIViewController+Extensions.swift"; sourceTree = "<group>"; };
		1CBC3B911D8BFB8100BAA6A9 /* MenuViewControllersFactory.swift */ = {isa = PBXFileReference; fileEncoding = 4; lastKnownFileType = sourcecode.swift; path = MenuViewControllersFactory.swift; sourceTree = "<group>"; };
		1CBC3B931D8BFBDD00BAA6A9 /* Constants.swift */ = {isa = PBXFileReference; fileEncoding = 4; lastKnownFileType = sourcecode.swift; path = Constants.swift; sourceTree = "<group>"; };
/* End PBXFileReference section */

/* Begin PBXFrameworksBuildPhase section */
		1CBC3B321D8BF7FD00BAA6A9 /* Frameworks */ = {
			isa = PBXFrameworksBuildPhase;
			buildActionMask = 2147483647;
			files = (
			);
			runOnlyForDeploymentPostprocessing = 0;
		};
		1CBC3B461D8BF7FD00BAA6A9 /* Frameworks */ = {
			isa = PBXFrameworksBuildPhase;
			buildActionMask = 2147483647;
			files = (
			);
			runOnlyForDeploymentPostprocessing = 0;
		};
		1CBC3B511D8BF7FD00BAA6A9 /* Frameworks */ = {
			isa = PBXFrameworksBuildPhase;
			buildActionMask = 2147483647;
			files = (
			);
			runOnlyForDeploymentPostprocessing = 0;
		};
/* End PBXFrameworksBuildPhase section */

/* Begin PBXGroup section */
		1CBC3B2C1D8BF7FD00BAA6A9 = {
			isa = PBXGroup;
			children = (
				1CBC3B371D8BF7FD00BAA6A9 /* AntodoteArchitectureExample */,
				1CBC3B4C1D8BF7FD00BAA6A9 /* AntodoteArchitectureExampleTests */,
				1CBC3B571D8BF7FD00BAA6A9 /* AntodoteArchitectureExampleUITests */,
				1CBC3B361D8BF7FD00BAA6A9 /* Products */,
			);
			sourceTree = "<group>";
		};
		1CBC3B361D8BF7FD00BAA6A9 /* Products */ = {
			isa = PBXGroup;
			children = (
				1CBC3B351D8BF7FD00BAA6A9 /* AntodoteArchitectureExample.app */,
				1CBC3B491D8BF7FD00BAA6A9 /* AntodoteArchitectureExampleTests.xctest */,
				1CBC3B541D8BF7FD00BAA6A9 /* AntodoteArchitectureExampleUITests.xctest */,
			);
			name = Products;
			sourceTree = "<group>";
		};
		1CBC3B371D8BF7FD00BAA6A9 /* AntodoteArchitectureExample */ = {
			isa = PBXGroup;
			children = (
				1CBC3B931D8BFBDD00BAA6A9 /* Constants.swift */,
				1CBC3B3F1D8BF7FD00BAA6A9 /* Assets.xcassets */,
				1CBC3B681D8BF82500BAA6A9 /* Flows */,
				1CBC3B901D8BFB3900BAA6A9 /* Extensions */,
				1CBC3B8F1D8BFB2500BAA6A9 /* Supporting Files */,
			);
			path = AntodoteArchitectureExample;
			sourceTree = "<group>";
		};
		1CBC3B4C1D8BF7FD00BAA6A9 /* AntodoteArchitectureExampleTests */ = {
			isa = PBXGroup;
			children = (
				1CBC3B4D1D8BF7FD00BAA6A9 /* AntodoteArchitectureExampleTests.swift */,
				1CBC3B4F1D8BF7FD00BAA6A9 /* Info.plist */,
			);
			path = AntodoteArchitectureExampleTests;
			sourceTree = "<group>";
		};
		1CBC3B571D8BF7FD00BAA6A9 /* AntodoteArchitectureExampleUITests */ = {
			isa = PBXGroup;
			children = (
				1CBC3B581D8BF7FD00BAA6A9 /* AntodoteArchitectureExampleUITests.swift */,
				1CBC3B5A1D8BF7FD00BAA6A9 /* Info.plist */,
			);
			path = AntodoteArchitectureExampleUITests;
			sourceTree = "<group>";
		};
		1CBC3B661D8BF80B00BAA6A9 /* Master-Detail Flow */ = {
			isa = PBXGroup;
			children = (
				1CBC3B7A1D8BF95500BAA6A9 /* Master-Detail.storyboard */,
				1CBC3B701D8BF8FD00BAA6A9 /* Master-DetailFlowCoordinator.swift */,
			);
			name = "Master-Detail Flow";
			sourceTree = "<group>";
		};
		1CBC3B671D8BF81600BAA6A9 /* Tabbed Flow */ = {
			isa = PBXGroup;
			children = (
				1CBC3B7E1D8BF96800BAA6A9 /* Tabbed.storyboard */,
				1CBC3B741D8BF91400BAA6A9 /* TabbedFlowCoordinator.swift */,
			);
			name = "Tabbed Flow";
			sourceTree = "<group>";
		};
		1CBC3B681D8BF82500BAA6A9 /* Flows */ = {
			isa = PBXGroup;
			children = (
				1CBC3B951D8BFBEB00BAA6A9 /* Application */,
				1CBC3B811D8BF98C00BAA6A9 /* Menu Flow */,
				1CBC3B661D8BF80B00BAA6A9 /* Master-Detail Flow */,
				1CBC3B691D8BF82E00BAA6A9 /* Page-Based Flow */,
				1CBC3B671D8BF81600BAA6A9 /* Tabbed Flow */,
				1CBC3B6B1D8BF89700BAA6A9 /* Profile Flow */,
				1CBC3B6A1D8BF88A00BAA6A9 /* User Flow */,
				1CBC3B801D8BF97A00BAA6A9 /* Settings Flow */,
			);
			name = Flows;
			sourceTree = "<group>";
		};
		1CBC3B691D8BF82E00BAA6A9 /* Page-Based Flow */ = {
			isa = PBXGroup;
			children = (
				1CBC3B7C1D8BF95F00BAA6A9 /* Page-Based.storyboard */,
				1CBC3B721D8BF90800BAA6A9 /* Page-BasedFlowCoordinator.swift */,
			);
			name = "Page-Based Flow";
			sourceTree = "<group>";
		};
		1CBC3B6A1D8BF88A00BAA6A9 /* User Flow */ = {
			isa = PBXGroup;
			children = (
				1CBC3B781D8BF92F00BAA6A9 /* User.storyboard */,
				1CBC3B6E1D8BF8EC00BAA6A9 /* UserFlowCoordinator.swift */,
			);
			name = "User Flow";
			sourceTree = "<group>";
		};
		1CBC3B6B1D8BF89700BAA6A9 /* Profile Flow */ = {
			isa = PBXGroup;
			children = (
				1CBC3B761D8BF92700BAA6A9 /* Profile.storyboard */,
				1CBC3B6C1D8BF8DC00BAA6A9 /* ProfileFlowCoordinator.swift */,
			);
			name = "Profile Flow";
			sourceTree = "<group>";
		};
		1CBC3B801D8BF97A00BAA6A9 /* Settings Flow */ = {
			isa = PBXGroup;
			children = (
				1CBC3B881D8BFA0100BAA6A9 /* Settings.storyboard */,
				1CBC3B861D8BF9F700BAA6A9 /* SettingsFlowCoordinator.swift */,
			);
			name = "Settings Flow";
			sourceTree = "<group>";
		};
		1CBC3B811D8BF98C00BAA6A9 /* Menu Flow */ = {
			isa = PBXGroup;
			children = (
				1CBC3B821D8BF99800BAA6A9 /* Menu.storyboard */,
				1CBC3B841D8BF9A700BAA6A9 /* MenuFlowCoordinator.swift */,
				1CBC3B8A1D8BFAD600BAA6A9 /* Menu */,
				1CBC3B911D8BFB8100BAA6A9 /* MenuViewControllersFactory.swift */,
			);
			name = "Menu Flow";
			sourceTree = "<group>";
		};
		1CBC3B8A1D8BFAD600BAA6A9 /* Menu */ = {
			isa = PBXGroup;
			children = (
				1CBC3B8B1D8BFAE800BAA6A9 /* MenuTableViewController.swift */,
			);
			name = Menu;
			sourceTree = "<group>";
		};
		1CBC3B8F1D8BFB2500BAA6A9 /* Supporting Files */ = {
			isa = PBXGroup;
			children = (
				1CBC3B411D8BF7FD00BAA6A9 /* LaunchScreen.storyboard */,
				1CBC3B441D8BF7FD00BAA6A9 /* Info.plist */,
			);
			name = "Supporting Files";
			sourceTree = "<group>";
		};
		1CBC3B901D8BFB3900BAA6A9 /* Extensions */ = {
			isa = PBXGroup;
			children = (
				1CBC3B8D1D8BFB1B00BAA6A9 /* UIViewController+Extensions.swift */,
			);
			name = Extensions;
			sourceTree = "<group>";
		};
		1CBC3B951D8BFBEB00BAA6A9 /* Application */ = {
			isa = PBXGroup;
			children = (
				1CBC3B3C1D8BF7FD00BAA6A9 /* Main.storyboard */,
				1CBC3B381D8BF7FD00BAA6A9 /* AppDelegate.swift */,
			);
			name = Application;
			sourceTree = "<group>";
		};
/* End PBXGroup section */

/* Begin PBXNativeTarget section */
		1CBC3B341D8BF7FD00BAA6A9 /* AntodoteArchitectureExample */ = {
			isa = PBXNativeTarget;
			buildConfigurationList = 1CBC3B5D1D8BF7FD00BAA6A9 /* Build configuration list for PBXNativeTarget "AntodoteArchitectureExample" */;
			buildPhases = (
				1CBC3B311D8BF7FD00BAA6A9 /* Sources */,
				1CBC3B321D8BF7FD00BAA6A9 /* Frameworks */,
				1CBC3B331D8BF7FD00BAA6A9 /* Resources */,
			);
			buildRules = (
			);
			dependencies = (
			);
			name = AntodoteArchitectureExample;
			productName = AntodoteArchitectureExample;
			productReference = 1CBC3B351D8BF7FD00BAA6A9 /* AntodoteArchitectureExample.app */;
			productType = "com.apple.product-type.application";
		};
		1CBC3B481D8BF7FD00BAA6A9 /* AntodoteArchitectureExampleTests */ = {
			isa = PBXNativeTarget;
			buildConfigurationList = 1CBC3B601D8BF7FD00BAA6A9 /* Build configuration list for PBXNativeTarget "AntodoteArchitectureExampleTests" */;
			buildPhases = (
				1CBC3B451D8BF7FD00BAA6A9 /* Sources */,
				1CBC3B461D8BF7FD00BAA6A9 /* Frameworks */,
				1CBC3B471D8BF7FD00BAA6A9 /* Resources */,
			);
			buildRules = (
			);
			dependencies = (
				1CBC3B4B1D8BF7FD00BAA6A9 /* PBXTargetDependency */,
			);
			name = AntodoteArchitectureExampleTests;
			productName = AntodoteArchitectureExampleTests;
			productReference = 1CBC3B491D8BF7FD00BAA6A9 /* AntodoteArchitectureExampleTests.xctest */;
			productType = "com.apple.product-type.bundle.unit-test";
		};
		1CBC3B531D8BF7FD00BAA6A9 /* AntodoteArchitectureExampleUITests */ = {
			isa = PBXNativeTarget;
			buildConfigurationList = 1CBC3B631D8BF7FD00BAA6A9 /* Build configuration list for PBXNativeTarget "AntodoteArchitectureExampleUITests" */;
			buildPhases = (
				1CBC3B501D8BF7FD00BAA6A9 /* Sources */,
				1CBC3B511D8BF7FD00BAA6A9 /* Frameworks */,
				1CBC3B521D8BF7FD00BAA6A9 /* Resources */,
			);
			buildRules = (
			);
			dependencies = (
				1CBC3B561D8BF7FD00BAA6A9 /* PBXTargetDependency */,
			);
			name = AntodoteArchitectureExampleUITests;
			productName = AntodoteArchitectureExampleUITests;
			productReference = 1CBC3B541D8BF7FD00BAA6A9 /* AntodoteArchitectureExampleUITests.xctest */;
			productType = "com.apple.product-type.bundle.ui-testing";
		};
/* End PBXNativeTarget section */

/* Begin PBXProject section */
		1CBC3B2D1D8BF7FD00BAA6A9 /* Project object */ = {
			isa = PBXProject;
			attributes = {
				LastSwiftUpdateCheck = 0730;
				LastUpgradeCheck = 0730;
				ORGANIZATIONNAME = "Dmitry Utmanov";
				TargetAttributes = {
					1CBC3B341D8BF7FD00BAA6A9 = {
						CreatedOnToolsVersion = 7.3.1;
					};
					1CBC3B481D8BF7FD00BAA6A9 = {
						CreatedOnToolsVersion = 7.3.1;
						TestTargetID = 1CBC3B341D8BF7FD00BAA6A9;
					};
					1CBC3B531D8BF7FD00BAA6A9 = {
						CreatedOnToolsVersion = 7.3.1;
						TestTargetID = 1CBC3B341D8BF7FD00BAA6A9;
					};
				};
			};
			buildConfigurationList = 1CBC3B301D8BF7FD00BAA6A9 /* Build configuration list for PBXProject "AntodoteArchitectureExample" */;
			compatibilityVersion = "Xcode 3.2";
			developmentRegion = English;
			hasScannedForEncodings = 0;
			knownRegions = (
				en,
				Base,
			);
			mainGroup = 1CBC3B2C1D8BF7FD00BAA6A9;
			productRefGroup = 1CBC3B361D8BF7FD00BAA6A9 /* Products */;
			projectDirPath = "";
			projectRoot = "";
			targets = (
				1CBC3B341D8BF7FD00BAA6A9 /* AntodoteArchitectureExample */,
				1CBC3B481D8BF7FD00BAA6A9 /* AntodoteArchitectureExampleTests */,
				1CBC3B531D8BF7FD00BAA6A9 /* AntodoteArchitectureExampleUITests */,
			);
		};
/* End PBXProject section */

/* Begin PBXResourcesBuildPhase section */
		1CBC3B331D8BF7FD00BAA6A9 /* Resources */ = {
			isa = PBXResourcesBuildPhase;
			buildActionMask = 2147483647;
			files = (
				1CBC3B7D1D8BF95F00BAA6A9 /* Page-Based.storyboard in Resources */,
				1CBC3B431D8BF7FD00BAA6A9 /* LaunchScreen.storyboard in Resources */,
				1CBC3B7F1D8BF96800BAA6A9 /* Tabbed.storyboard in Resources */,
				1CBC3B831D8BF99800BAA6A9 /* Menu.storyboard in Resources */,
				1CBC3B791D8BF92F00BAA6A9 /* User.storyboard in Resources */,
				1CBC3B401D8BF7FD00BAA6A9 /* Assets.xcassets in Resources */,
				1CBC3B7B1D8BF95500BAA6A9 /* Master-Detail.storyboard in Resources */,
				1CBC3B771D8BF92700BAA6A9 /* Profile.storyboard in Resources */,
				1CBC3B3E1D8BF7FD00BAA6A9 /* Main.storyboard in Resources */,
				1CBC3B891D8BFA0100BAA6A9 /* Settings.storyboard in Resources */,
			);
			runOnlyForDeploymentPostprocessing = 0;
		};
		1CBC3B471D8BF7FD00BAA6A9 /* Resources */ = {
			isa = PBXResourcesBuildPhase;
			buildActionMask = 2147483647;
			files = (
			);
			runOnlyForDeploymentPostprocessing = 0;
		};
		1CBC3B521D8BF7FD00BAA6A9 /* Resources */ = {
			isa = PBXResourcesBuildPhase;
			buildActionMask = 2147483647;
			files = (
			);
			runOnlyForDeploymentPostprocessing = 0;
		};
/* End PBXResourcesBuildPhase section */

/* Begin PBXSourcesBuildPhase section */
		1CBC3B311D8BF7FD00BAA6A9 /* Sources */ = {
			isa = PBXSourcesBuildPhase;
			buildActionMask = 2147483647;
			files = (
				1CBC3B6D1D8BF8DC00BAA6A9 /* ProfileFlowCoordinator.swift in Sources */,
				1CBC3B921D8BFB8100BAA6A9 /* MenuViewControllersFactory.swift in Sources */,
				1CBC3B751D8BF91400BAA6A9 /* TabbedFlowCoordinator.swift in Sources */,
				1CBC3B8E1D8BFB1B00BAA6A9 /* UIViewController+Extensions.swift in Sources */,
				1CBC3B391D8BF7FD00BAA6A9 /* AppDelegate.swift in Sources */,
				1CBC3B6F1D8BF8EC00BAA6A9 /* UserFlowCoordinator.swift in Sources */,
				1CBC3B851D8BF9A700BAA6A9 /* MenuFlowCoordinator.swift in Sources */,
				1CBC3B8C1D8BFAE800BAA6A9 /* MenuTableViewController.swift in Sources */,
				1CBC3B871D8BF9F700BAA6A9 /* SettingsFlowCoordinator.swift in Sources */,
				1CBC3B711D8BF8FD00BAA6A9 /* Master-DetailFlowCoordinator.swift in Sources */,
				1CBC3B731D8BF90800BAA6A9 /* Page-BasedFlowCoordinator.swift in Sources */,
				1CBC3B941D8BFBDD00BAA6A9 /* Constants.swift in Sources */,
			);
			runOnlyForDeploymentPostprocessing = 0;
		};
		1CBC3B451D8BF7FD00BAA6A9 /* Sources */ = {
			isa = PBXSourcesBuildPhase;
			buildActionMask = 2147483647;
			files = (
				1CBC3B4E1D8BF7FD00BAA6A9 /* AntodoteArchitectureExampleTests.swift in Sources */,
			);
			runOnlyForDeploymentPostprocessing = 0;
		};
		1CBC3B501D8BF7FD00BAA6A9 /* Sources */ = {
			isa = PBXSourcesBuildPhase;
			buildActionMask = 2147483647;
			files = (
				1CBC3B591D8BF7FD00BAA6A9 /* AntodoteArchitectureExampleUITests.swift in Sources */,
			);
			runOnlyForDeploymentPostprocessing = 0;
		};
/* End PBXSourcesBuildPhase section */

/* Begin PBXTargetDependency section */
		1CBC3B4B1D8BF7FD00BAA6A9 /* PBXTargetDependency */ = {
			isa = PBXTargetDependency;
			target = 1CBC3B341D8BF7FD00BAA6A9 /* AntodoteArchitectureExample */;
			targetProxy = 1CBC3B4A1D8BF7FD00BAA6A9 /* PBXContainerItemProxy */;
		};
		1CBC3B561D8BF7FD00BAA6A9 /* PBXTargetDependency */ = {
			isa = PBXTargetDependency;
			target = 1CBC3B341D8BF7FD00BAA6A9 /* AntodoteArchitectureExample */;
			targetProxy = 1CBC3B551D8BF7FD00BAA6A9 /* PBXContainerItemProxy */;
		};
/* End PBXTargetDependency section */

/* Begin PBXVariantGroup section */
		1CBC3B3C1D8BF7FD00BAA6A9 /* Main.storyboard */ = {
			isa = PBXVariantGroup;
			children = (
				1CBC3B3D1D8BF7FD00BAA6A9 /* Base */,
			);
			name = Main.storyboard;
			sourceTree = "<group>";
		};
		1CBC3B411D8BF7FD00BAA6A9 /* LaunchScreen.storyboard */ = {
			isa = PBXVariantGroup;
			children = (
				1CBC3B421D8BF7FD00BAA6A9 /* Base */,
			);
			name = LaunchScreen.storyboard;
			sourceTree = "<group>";
		};
/* End PBXVariantGroup section */

/* Begin XCBuildConfiguration section */
		1CBC3B5B1D8BF7FD00BAA6A9 /* Debug */ = {
			isa = XCBuildConfiguration;
			buildSettings = {
				ALWAYS_SEARCH_USER_PATHS = NO;
				CLANG_ANALYZER_NONNULL = YES;
				CLANG_CXX_LANGUAGE_STANDARD = "gnu++0x";
				CLANG_CXX_LIBRARY = "libc++";
				CLANG_ENABLE_MODULES = YES;
				CLANG_ENABLE_OBJC_ARC = YES;
				CLANG_WARN_BOOL_CONVERSION = YES;
				CLANG_WARN_CONSTANT_CONVERSION = YES;
				CLANG_WARN_DIRECT_OBJC_ISA_USAGE = YES_ERROR;
				CLANG_WARN_EMPTY_BODY = YES;
				CLANG_WARN_ENUM_CONVERSION = YES;
				CLANG_WARN_INT_CONVERSION = YES;
				CLANG_WARN_OBJC_ROOT_CLASS = YES_ERROR;
				CLANG_WARN_UNREACHABLE_CODE = YES;
				CLANG_WARN__DUPLICATE_METHOD_MATCH = YES;
				"CODE_SIGN_IDENTITY[sdk=iphoneos*]" = "iPhone Developer";
				COPY_PHASE_STRIP = NO;
				DEBUG_INFORMATION_FORMAT = dwarf;
				ENABLE_STRICT_OBJC_MSGSEND = YES;
				ENABLE_TESTABILITY = YES;
				GCC_C_LANGUAGE_STANDARD = gnu99;
				GCC_DYNAMIC_NO_PIC = NO;
				GCC_NO_COMMON_BLOCKS = YES;
				GCC_OPTIMIZATION_LEVEL = 0;
				GCC_PREPROCESSOR_DEFINITIONS = (
					"DEBUG=1",
					"$(inherited)",
				);
				GCC_WARN_64_TO_32_BIT_CONVERSION = YES;
				GCC_WARN_ABOUT_RETURN_TYPE = YES_ERROR;
				GCC_WARN_UNDECLARED_SELECTOR = YES;
				GCC_WARN_UNINITIALIZED_AUTOS = YES_AGGRESSIVE;
				GCC_WARN_UNUSED_FUNCTION = YES;
				GCC_WARN_UNUSED_VARIABLE = YES;
				IPHONEOS_DEPLOYMENT_TARGET = 9.3;
				MTL_ENABLE_DEBUG_INFO = YES;
				ONLY_ACTIVE_ARCH = YES;
				SDKROOT = iphoneos;
				SWIFT_OPTIMIZATION_LEVEL = "-Onone";
				TARGETED_DEVICE_FAMILY = "1,2";
			};
			name = Debug;
		};
		1CBC3B5C1D8BF7FD00BAA6A9 /* Release */ = {
			isa = XCBuildConfiguration;
			buildSettings = {
				ALWAYS_SEARCH_USER_PATHS = NO;
				CLANG_ANALYZER_NONNULL = YES;
				CLANG_CXX_LANGUAGE_STANDARD = "gnu++0x";
				CLANG_CXX_LIBRARY = "libc++";
				CLANG_ENABLE_MODULES = YES;
				CLANG_ENABLE_OBJC_ARC = YES;
				CLANG_WARN_BOOL_CONVERSION = YES;
				CLANG_WARN_CONSTANT_CONVERSION = YES;
				CLANG_WARN_DIRECT_OBJC_ISA_USAGE = YES_ERROR;
				CLANG_WARN_EMPTY_BODY = YES;
				CLANG_WARN_ENUM_CONVERSION = YES;
				CLANG_WARN_INT_CONVERSION = YES;
				CLANG_WARN_OBJC_ROOT_CLASS = YES_ERROR;
				CLANG_WARN_UNREACHABLE_CODE = YES;
				CLANG_WARN__DUPLICATE_METHOD_MATCH = YES;
				"CODE_SIGN_IDENTITY[sdk=iphoneos*]" = "iPhone Developer";
				COPY_PHASE_STRIP = NO;
				DEBUG_INFORMATION_FORMAT = "dwarf-with-dsym";
				ENABLE_NS_ASSERTIONS = NO;
				ENABLE_STRICT_OBJC_MSGSEND = YES;
				GCC_C_LANGUAGE_STANDARD = gnu99;
				GCC_NO_COMMON_BLOCKS = YES;
				GCC_WARN_64_TO_32_BIT_CONVERSION = YES;
				GCC_WARN_ABOUT_RETURN_TYPE = YES_ERROR;
				GCC_WARN_UNDECLARED_SELECTOR = YES;
				GCC_WARN_UNINITIALIZED_AUTOS = YES_AGGRESSIVE;
				GCC_WARN_UNUSED_FUNCTION = YES;
				GCC_WARN_UNUSED_VARIABLE = YES;
				IPHONEOS_DEPLOYMENT_TARGET = 9.3;
				MTL_ENABLE_DEBUG_INFO = NO;
				SDKROOT = iphoneos;
				TARGETED_DEVICE_FAMILY = "1,2";
				VALIDATE_PRODUCT = YES;
			};
			name = Release;
		};
		1CBC3B5E1D8BF7FD00BAA6A9 /* Debug */ = {
			isa = XCBuildConfiguration;
			buildSettings = {
				ASSETCATALOG_COMPILER_APPICON_NAME = AppIcon;
				INFOPLIST_FILE = AntodoteArchitectureExample/Info.plist;
				LD_RUNPATH_SEARCH_PATHS = "$(inherited) @executable_path/Frameworks";
				PRODUCT_BUNDLE_IDENTIFIER = ru.cooler.AntodoteArchitectureExample;
				PRODUCT_NAME = "$(TARGET_NAME)";
			};
			name = Debug;
		};
		1CBC3B5F1D8BF7FD00BAA6A9 /* Release */ = {
			isa = XCBuildConfiguration;
			buildSettings = {
				ASSETCATALOG_COMPILER_APPICON_NAME = AppIcon;
				INFOPLIST_FILE = AntodoteArchitectureExample/Info.plist;
				LD_RUNPATH_SEARCH_PATHS = "$(inherited) @executable_path/Frameworks";
				PRODUCT_BUNDLE_IDENTIFIER = ru.cooler.AntodoteArchitectureExample;
				PRODUCT_NAME = "$(TARGET_NAME)";
			};
			name = Release;
		};
		1CBC3B611D8BF7FD00BAA6A9 /* Debug */ = {
			isa = XCBuildConfiguration;
			buildSettings = {
				BUNDLE_LOADER = "$(TEST_HOST)";
				INFOPLIST_FILE = AntodoteArchitectureExampleTests/Info.plist;
				LD_RUNPATH_SEARCH_PATHS = "$(inherited) @executable_path/Frameworks @loader_path/Frameworks";
				PRODUCT_BUNDLE_IDENTIFIER = ru.cooler.AntodoteArchitectureExampleTests;
				PRODUCT_NAME = "$(TARGET_NAME)";
				TEST_HOST = "$(BUILT_PRODUCTS_DIR)/AntodoteArchitectureExample.app/AntodoteArchitectureExample";
			};
			name = Debug;
		};
		1CBC3B621D8BF7FD00BAA6A9 /* Release */ = {
			isa = XCBuildConfiguration;
			buildSettings = {
				BUNDLE_LOADER = "$(TEST_HOST)";
				INFOPLIST_FILE = AntodoteArchitectureExampleTests/Info.plist;
				LD_RUNPATH_SEARCH_PATHS = "$(inherited) @executable_path/Frameworks @loader_path/Frameworks";
				PRODUCT_BUNDLE_IDENTIFIER = ru.cooler.AntodoteArchitectureExampleTests;
				PRODUCT_NAME = "$(TARGET_NAME)";
				TEST_HOST = "$(BUILT_PRODUCTS_DIR)/AntodoteArchitectureExample.app/AntodoteArchitectureExample";
			};
			name = Release;
		};
		1CBC3B641D8BF7FD00BAA6A9 /* Debug */ = {
			isa = XCBuildConfiguration;
			buildSettings = {
				INFOPLIST_FILE = AntodoteArchitectureExampleUITests/Info.plist;
				LD_RUNPATH_SEARCH_PATHS = "$(inherited) @executable_path/Frameworks @loader_path/Frameworks";
				PRODUCT_BUNDLE_IDENTIFIER = ru.cooler.AntodoteArchitectureExampleUITests;
				PRODUCT_NAME = "$(TARGET_NAME)";
				TEST_TARGET_NAME = AntodoteArchitectureExample;
			};
			name = Debug;
		};
		1CBC3B651D8BF7FD00BAA6A9 /* Release */ = {
			isa = XCBuildConfiguration;
			buildSettings = {
				INFOPLIST_FILE = AntodoteArchitectureExampleUITests/Info.plist;
				LD_RUNPATH_SEARCH_PATHS = "$(inherited) @executable_path/Frameworks @loader_path/Frameworks";
				PRODUCT_BUNDLE_IDENTIFIER = ru.cooler.AntodoteArchitectureExampleUITests;
				PRODUCT_NAME = "$(TARGET_NAME)";
				TEST_TARGET_NAME = AntodoteArchitectureExample;
			};
			name = Release;
		};
/* End XCBuildConfiguration section */

/* Begin XCConfigurationList section */
		1CBC3B301D8BF7FD00BAA6A9 /* Build configuration list for PBXProject "AntodoteArchitectureExample" */ = {
			isa = XCConfigurationList;
			buildConfigurations = (
				1CBC3B5B1D8BF7FD00BAA6A9 /* Debug */,
				1CBC3B5C1D8BF7FD00BAA6A9 /* Release */,
			);
			defaultConfigurationIsVisible = 0;
			defaultConfigurationName = Release;
		};
		1CBC3B5D1D8BF7FD00BAA6A9 /* Build configuration list for PBXNativeTarget "AntodoteArchitectureExample" */ = {
			isa = XCConfigurationList;
			buildConfigurations = (
				1CBC3B5E1D8BF7FD00BAA6A9 /* Debug */,
				1CBC3B5F1D8BF7FD00BAA6A9 /* Release */,
			);
			defaultConfigurationIsVisible = 0;
		};
		1CBC3B601D8BF7FD00BAA6A9 /* Build configuration list for PBXNativeTarget "AntodoteArchitectureExampleTests" */ = {
			isa = XCConfigurationList;
			buildConfigurations = (
				1CBC3B611D8BF7FD00BAA6A9 /* Debug */,
				1CBC3B621D8BF7FD00BAA6A9 /* Release */,
			);
			defaultConfigurationIsVisible = 0;
		};
		1CBC3B631D8BF7FD00BAA6A9 /* Build configuration list for PBXNativeTarget "AntodoteArchitectureExampleUITests" */ = {
			isa = XCConfigurationList;
			buildConfigurations = (
				1CBC3B641D8BF7FD00BAA6A9 /* Debug */,
				1CBC3B651D8BF7FD00BAA6A9 /* Release */,
			);
			defaultConfigurationIsVisible = 0;
		};
/* End XCConfigurationList section */
	};
	rootObject = 1CBC3B2D1D8BF7FD00BAA6A9 /* Project object */;
}
